
Microsoft Visual Studio Solution File, Format Version 12.00
# Visual Studio Version 17
VisualStudioVersion = 17.9.34622.214
MinimumVisualStudioVersion = 10.0.40219.1
Project("{FAE04EC0-301F-11D3-BF4B-00C04F79EFBC}") = "Lab2", "Lab2\Lab2.csproj", "{DD24241C-2180-4327-92BE-E65B338905D9}"
EndProject
Global
	GlobalSection(SolutionConfigurationPlatforms) = preSolution
		Debug|Any CPU = Debug|Any CPU
		Release|Any CPU = Release|Any CPU
	EndGlobalSection
	GlobalSection(ProjectConfigurationPlatforms) = postSolution
		{DD24241C-2180-4327-92BE-E65B338905D9}.Debug|Any CPU.ActiveCfg = Debug|Any CPU
		{DD24241C-2180-4327-92BE-E65B338905D9}.Debug|Any CPU.Build.0 = Debug|Any CPU
		{DD24241C-2180-4327-92BE-E65B338905D9}.Release|Any CPU.ActiveCfg = Release|Any CPU
		{DD24241C-2180-4327-92BE-E65B338905D9}.Release|Any CPU.Build.0 = Release|Any CPU
	EndGlobalSection
	GlobalSection(SolutionProperties) = preSolution
		HideSolutionNode = FALSE
	EndGlobalSection
	GlobalSection(ExtensibilityGlobals) = postSolution
		SolutionGuid = {795DAE79-5D3D-4BF2-8A12-33363BD3119E}
	EndGlobalSection
EndGlobal
